
Microsoft Visual Studio Solution File, Format Version 12.00
# Visual Studio Version 17
VisualStudioVersion = 17.4.33213.308
MinimumVisualStudioVersion = 10.0.40219.1
Project("{FAE04EC0-301F-11D3-BF4B-00C04F79EFBC}") = "TicketApp.Presentation", "TicketApp.Presentation\TicketApp.Presentation.csproj", "{D32EF539-D0F0-45E3-8B72-A189002A0CC8}"
EndProject
Project("{FAE04EC0-301F-11D3-BF4B-00C04F79EFBC}") = "TicketApp.Domain", "TicketApp.Domain\TicketApp.Domain.csproj", "{1805955C-0B6A-4A78-AE9D-1D48CFC41C04}"
EndProject
Project("{FAE04EC0-301F-11D3-BF4B-00C04F79EFBC}") = "TicketApp.Application", "TicketApp.Application\TicketApp.Application.csproj", "{4A05C303-21BF-4B61-ABC1-23D2ABF52B81}"
EndProject
Project("{FAE04EC0-301F-11D3-BF4B-00C04F79EFBC}") = "TicketApp.Persistance", "TicketApp.Persistance\TicketApp.Persistance.csproj", "{BA97156C-966A-4B96-ACAB-167E1A26C029}"
EndProject
Project("{FAE04EC0-301F-11D3-BF4B-00C04F79EFBC}") = "TicketApp.Infrastructure", "TicketApp.Infrastructure\TicketApp.Infrastructure.csproj", "{31972D44-4A3F-4696-88AF-BA87B0F390E6}"
EndProject
Global
	GlobalSection(SolutionConfigurationPlatforms) = preSolution
		Debug|Any CPU = Debug|Any CPU
		Release|Any CPU = Release|Any CPU
	EndGlobalSection
	GlobalSection(ProjectConfigurationPlatforms) = postSolution
		{D32EF539-D0F0-45E3-8B72-A189002A0CC8}.Debug|Any CPU.ActiveCfg = Debug|Any CPU
		{D32EF539-D0F0-45E3-8B72-A189002A0CC8}.Debug|Any CPU.Build.0 = Debug|Any CPU
		{D32EF539-D0F0-45E3-8B72-A189002A0CC8}.Release|Any CPU.ActiveCfg = Release|Any CPU
		{D32EF539-D0F0-45E3-8B72-A189002A0CC8}.Release|Any CPU.Build.0 = Release|Any CPU
		{1805955C-0B6A-4A78-AE9D-1D48CFC41C04}.Debug|Any CPU.ActiveCfg = Debug|Any CPU
		{1805955C-0B6A-4A78-AE9D-1D48CFC41C04}.Debug|Any CPU.Build.0 = Debug|Any CPU
		{1805955C-0B6A-4A78-AE9D-1D48CFC41C04}.Release|Any CPU.ActiveCfg = Release|Any CPU
		{1805955C-0B6A-4A78-AE9D-1D48CFC41C04}.Release|Any CPU.Build.0 = Release|Any CPU
		{4A05C303-21BF-4B61-ABC1-23D2ABF52B81}.Debug|Any CPU.ActiveCfg = Debug|Any CPU
		{4A05C303-21BF-4B61-ABC1-23D2ABF52B81}.Debug|Any CPU.Build.0 = Debug|Any CPU
		{4A05C303-21BF-4B61-ABC1-23D2ABF52B81}.Release|Any CPU.ActiveCfg = Release|Any CPU
		{4A05C303-21BF-4B61-ABC1-23D2ABF52B81}.Release|Any CPU.Build.0 = Release|Any CPU
		{BA97156C-966A-4B96-ACAB-167E1A26C029}.Debug|Any CPU.ActiveCfg = Debug|Any CPU
		{BA97156C-966A-4B96-ACAB-167E1A26C029}.Debug|Any CPU.Build.0 = Debug|Any CPU
		{BA97156C-966A-4B96-ACAB-167E1A26C029}.Release|Any CPU.ActiveCfg = Release|Any CPU
		{BA97156C-966A-4B96-ACAB-167E1A26C029}.Release|Any CPU.Build.0 = Release|Any CPU
		{31972D44-4A3F-4696-88AF-BA87B0F390E6}.Debug|Any CPU.ActiveCfg = Debug|Any CPU
		{31972D44-4A3F-4696-88AF-BA87B0F390E6}.Debug|Any CPU.Build.0 = Debug|Any CPU
		{31972D44-4A3F-4696-88AF-BA87B0F390E6}.Release|Any CPU.ActiveCfg = Release|Any CPU
		{31972D44-4A3F-4696-88AF-BA87B0F390E6}.Release|Any CPU.Build.0 = Release|Any CPU
	EndGlobalSection
	GlobalSection(SolutionProperties) = preSolution
		HideSolutionNode = FALSE
	EndGlobalSection
	GlobalSection(ExtensibilityGlobals) = postSolution
		SolutionGuid = {EC292117-6F8C-4B26-9AA0-4144F006FEAE}
	EndGlobalSection
EndGlobal
